
Microsoft Visual Studio Solution File, Format Version 12.00
# Visual Studio Version 16
VisualStudioVersion = 16.0.29324.140
MinimumVisualStudioVersion = 10.0.40219.1
Project("{9A19103F-16F7-4668-BE54-9A1E7A4F7556}") = "Products.API", "Products.API\Products.API.csproj", "{22D6FFCB-0729-4780-9680-E031AFF2E8A2}"
EndProject
Project("{2150E333-8FDC-42A3-9474-1A3956D46DE8}") = "1 - API", "1 - API", "{5543CBF5-1D5E-4B1C-84C4-507CB63436F5}"
EndProject
Project("{2150E333-8FDC-42A3-9474-1A3956D46DE8}") = "2 - Application", "2 - Application", "{94BDEFA8-2A75-42B4-82B9-532CA762D2C5}"
EndProject
Project("{2150E333-8FDC-42A3-9474-1A3956D46DE8}") = "3 - Domain", "3 - Domain", "{259AEA54-67C4-4F54-BFD7-4D2E7800EE9A}"
EndProject
Project("{2150E333-8FDC-42A3-9474-1A3956D46DE8}") = "4 - Infra", "4 - Infra", "{C3081238-ECA9-4001-9F80-30A76367CBBA}"
EndProject
Project("{9A19103F-16F7-4668-BE54-9A1E7A4F7556}") = "Products.Infra.Data", "Products.Infra.Data\Products.Infra.Data.csproj", "{8E1CD4CD-6686-4C27-A2D3-1E43A1AF2091}"
EndProject
Project("{2150E333-8FDC-42A3-9474-1A3956D46DE8}") = "4.1 - Data", "4.1 - Data", "{2E8E55C3-4766-4B95-BB51-1B196AA1F12E}"
EndProject
Project("{2150E333-8FDC-42A3-9474-1A3956D46DE8}") = "4.2 - CrossCutting", "4.2 - CrossCutting", "{6CF6F12F-CD22-48FA-8566-0F2592B3AB57}"
EndProject
Project("{9A19103F-16F7-4668-BE54-9A1E7A4F7556}") = "Products.Infra.IoC", "Products.Infra.IoC\Products.Infra.IoC.csproj", "{270E3F3E-D071-417E-B7D0-4048829FB8B0}"
EndProject
Project("{9A19103F-16F7-4668-BE54-9A1E7A4F7556}") = "Products.Domain", "Products.Domain\Products.Domain.csproj", "{D3C34F65-3D54-4052-8DC8-DA9A26B7A193}"
EndProject
Project("{9A19103F-16F7-4668-BE54-9A1E7A4F7556}") = "Products.Application", "Products.Application\Products.Application.csproj", "{40C55ADA-EA29-4888-988A-1B57AF60B0A3}"
EndProject
Global
	GlobalSection(SolutionConfigurationPlatforms) = preSolution
		Debug|Any CPU = Debug|Any CPU
		Release|Any CPU = Release|Any CPU
	EndGlobalSection
	GlobalSection(ProjectConfigurationPlatforms) = postSolution
		{22D6FFCB-0729-4780-9680-E031AFF2E8A2}.Debug|Any CPU.ActiveCfg = Debug|Any CPU
		{22D6FFCB-0729-4780-9680-E031AFF2E8A2}.Debug|Any CPU.Build.0 = Debug|Any CPU
		{22D6FFCB-0729-4780-9680-E031AFF2E8A2}.Release|Any CPU.ActiveCfg = Release|Any CPU
		{22D6FFCB-0729-4780-9680-E031AFF2E8A2}.Release|Any CPU.Build.0 = Release|Any CPU
		{8E1CD4CD-6686-4C27-A2D3-1E43A1AF2091}.Debug|Any CPU.ActiveCfg = Debug|Any CPU
		{8E1CD4CD-6686-4C27-A2D3-1E43A1AF2091}.Debug|Any CPU.Build.0 = Debug|Any CPU
		{8E1CD4CD-6686-4C27-A2D3-1E43A1AF2091}.Release|Any CPU.ActiveCfg = Release|Any CPU
		{8E1CD4CD-6686-4C27-A2D3-1E43A1AF2091}.Release|Any CPU.Build.0 = Release|Any CPU
		{270E3F3E-D071-417E-B7D0-4048829FB8B0}.Debug|Any CPU.ActiveCfg = Debug|Any CPU
		{270E3F3E-D071-417E-B7D0-4048829FB8B0}.Debug|Any CPU.Build.0 = Debug|Any CPU
		{270E3F3E-D071-417E-B7D0-4048829FB8B0}.Release|Any CPU.ActiveCfg = Release|Any CPU
		{270E3F3E-D071-417E-B7D0-4048829FB8B0}.Release|Any CPU.Build.0 = Release|Any CPU
		{D3C34F65-3D54-4052-8DC8-DA9A26B7A193}.Debug|Any CPU.ActiveCfg = Debug|Any CPU
		{D3C34F65-3D54-4052-8DC8-DA9A26B7A193}.Debug|Any CPU.Build.0 = Debug|Any CPU
		{D3C34F65-3D54-4052-8DC8-DA9A26B7A193}.Release|Any CPU.ActiveCfg = Release|Any CPU
		{D3C34F65-3D54-4052-8DC8-DA9A26B7A193}.Release|Any CPU.Build.0 = Release|Any CPU
		{40C55ADA-EA29-4888-988A-1B57AF60B0A3}.Debug|Any CPU.ActiveCfg = Debug|Any CPU
		{40C55ADA-EA29-4888-988A-1B57AF60B0A3}.Debug|Any CPU.Build.0 = Debug|Any CPU
		{40C55ADA-EA29-4888-988A-1B57AF60B0A3}.Release|Any CPU.ActiveCfg = Release|Any CPU
		{40C55ADA-EA29-4888-988A-1B57AF60B0A3}.Release|Any CPU.Build.0 = Release|Any CPU
	EndGlobalSection
	GlobalSection(SolutionProperties) = preSolution
		HideSolutionNode = FALSE
	EndGlobalSection
	GlobalSection(NestedProjects) = preSolution
		{22D6FFCB-0729-4780-9680-E031AFF2E8A2} = {5543CBF5-1D5E-4B1C-84C4-507CB63436F5}
		{8E1CD4CD-6686-4C27-A2D3-1E43A1AF2091} = {2E8E55C3-4766-4B95-BB51-1B196AA1F12E}
		{2E8E55C3-4766-4B95-BB51-1B196AA1F12E} = {C3081238-ECA9-4001-9F80-30A76367CBBA}
		{6CF6F12F-CD22-48FA-8566-0F2592B3AB57} = {C3081238-ECA9-4001-9F80-30A76367CBBA}
		{270E3F3E-D071-417E-B7D0-4048829FB8B0} = {6CF6F12F-CD22-48FA-8566-0F2592B3AB57}
		{D3C34F65-3D54-4052-8DC8-DA9A26B7A193} = {259AEA54-67C4-4F54-BFD7-4D2E7800EE9A}
		{40C55ADA-EA29-4888-988A-1B57AF60B0A3} = {94BDEFA8-2A75-42B4-82B9-532CA762D2C5}
	EndGlobalSection
	GlobalSection(ExtensibilityGlobals) = postSolution
		SolutionGuid = {D7648F90-7FDA-4CE2-B72E-A668CDAF3049}
	EndGlobalSection
EndGlobal
